// !$*UTF8*$!
{
	archiveVersion = 1;
	classes = {
	};
	objectVersion = 56;
	objects = {

/* Begin PBXBuildFile section */
		9D91513C2B77424600F172CE /* Fitness_AppApp.swift in Sources */ = {isa = PBXBuildFile; fileRef = 9D91513B2B77424600F172CE /* Fitness_AppApp.swift */; };
		9D91513E2B77424600F172CE /* Persistence.swift in Sources */ = {isa = PBXBuildFile; fileRef = 9D91513D2B77424600F172CE /* Persistence.swift */; };
		9D9151412B77424600F172CE /* Fitness_App_FrontEnd.xcdatamodeld in Sources */ = {isa = PBXBuildFile; fileRef = 9D91513F2B77424600F172CE /* Fitness_App_FrontEnd.xcdatamodeld */; };
		9D9151432B77424600F172CE /* ContentView.swift in Sources */ = {isa = PBXBuildFile; fileRef = 9D9151422B77424600F172CE /* ContentView.swift */; };
		9D9151452B77424700F172CE /* Assets.xcassets in Resources */ = {isa = PBXBuildFile; fileRef = 9D9151442B77424700F172CE /* Assets.xcassets */; };
		9D9151492B77424700F172CE /* Preview Assets.xcassets in Resources */ = {isa = PBXBuildFile; fileRef = 9D9151482B77424700F172CE /* Preview Assets.xcassets */; };
		9DE5FB4C2B784EB900D7D3F3 /* MyWorkoutsView.swift in Sources */ = {isa = PBXBuildFile; fileRef = 9DE5FB4B2B784EB900D7D3F3 /* MyWorkoutsView.swift */; };
		9DE5FB4E2B78525E00D7D3F3 /* WorkoutSummaryViews.swift in Sources */ = {isa = PBXBuildFile; fileRef = 9DE5FB4D2B78525E00D7D3F3 /* WorkoutSummaryViews.swift */; };
		9DE5FB502B7885AC00D7D3F3 /* DataTypes.swift in Sources */ = {isa = PBXBuildFile; fileRef = 9DE5FB4F2B7885AC00D7D3F3 /* DataTypes.swift */; };
		9DE5FB522B789A9300D7D3F3 /* ReadJSON.swift in Sources */ = {isa = PBXBuildFile; fileRef = 9DE5FB512B789A9300D7D3F3 /* ReadJSON.swift */; };
		9DE5FB542B789CB100D7D3F3 /* workout_1.json in Resources */ = {isa = PBXBuildFile; fileRef = 9DE5FB532B789CB100D7D3F3 /* workout_1.json */; };
/* End PBXBuildFile section */

/* Begin PBXFileReference section */
		9D9151382B77424600F172CE /* Fitness-App-FrontEnd.app */ = {isa = PBXFileReference; explicitFileType = wrapper.application; includeInIndex = 0; path = "Fitness-App-FrontEnd.app"; sourceTree = BUILT_PRODUCTS_DIR; };
		9D91513B2B77424600F172CE /* Fitness_AppApp.swift */ = {isa = PBXFileReference; lastKnownFileType = sourcecode.swift; path = Fitness_AppApp.swift; sourceTree = "<group>"; };
		9D91513D2B77424600F172CE /* Persistence.swift */ = {isa = PBXFileReference; lastKnownFileType = sourcecode.swift; path = Persistence.swift; sourceTree = "<group>"; };
		9D9151402B77424600F172CE /* Fitness_App.xcdatamodel */ = {isa = PBXFileReference; lastKnownFileType = wrapper.xcdatamodel; path = Fitness_App.xcdatamodel; sourceTree = "<group>"; };
		9D9151422B77424600F172CE /* ContentView.swift */ = {isa = PBXFileReference; lastKnownFileType = sourcecode.swift; path = ContentView.swift; sourceTree = "<group>"; };
		9D9151442B77424700F172CE /* Assets.xcassets */ = {isa = PBXFileReference; lastKnownFileType = folder.assetcatalog; path = Assets.xcassets; sourceTree = "<group>"; };
		9D9151462B77424700F172CE /* Fitness_App_FrontEnd.entitlements */ = {isa = PBXFileReference; lastKnownFileType = text.plist.entitlements; path = Fitness_App_FrontEnd.entitlements; sourceTree = "<group>"; };
		9D9151482B77424700F172CE /* Preview Assets.xcassets */ = {isa = PBXFileReference; lastKnownFileType = folder.assetcatalog; path = "Preview Assets.xcassets"; sourceTree = "<group>"; };
		9DE5FB4B2B784EB900D7D3F3 /* MyWorkoutsView.swift */ = {isa = PBXFileReference; lastKnownFileType = sourcecode.swift; path = MyWorkoutsView.swift; sourceTree = "<group>"; };
		9DE5FB4D2B78525E00D7D3F3 /* WorkoutSummaryViews.swift */ = {isa = PBXFileReference; lastKnownFileType = sourcecode.swift; path = WorkoutSummaryViews.swift; sourceTree = "<group>"; };
		9DE5FB4F2B7885AC00D7D3F3 /* DataTypes.swift */ = {isa = PBXFileReference; lastKnownFileType = sourcecode.swift; path = DataTypes.swift; sourceTree = "<group>"; };
		9DE5FB512B789A9300D7D3F3 /* ReadJSON.swift */ = {isa = PBXFileReference; lastKnownFileType = sourcecode.swift; path = ReadJSON.swift; sourceTree = "<group>"; };
		9DE5FB532B789CB100D7D3F3 /* workout_1.json */ = {isa = PBXFileReference; fileEncoding = 4; lastKnownFileType = text.json; name = workout_1.json; path = ../../../../../Downloads/workout_1.json; sourceTree = "<group>"; };
/* End PBXFileReference section */

/* Begin PBXFrameworksBuildPhase section */
		9D9151352B77424600F172CE /* Frameworks */ = {
			isa = PBXFrameworksBuildPhase;
			buildActionMask = 2147483647;
			files = (
			);
			runOnlyForDeploymentPostprocessing = 0;
		};
/* End PBXFrameworksBuildPhase section */

/* Begin PBXGroup section */
		9D91512F2B77424600F172CE = {
			isa = PBXGroup;
			children = (
				9D91513A2B77424600F172CE /* Fitness-App-FrontEnd */,
				9D9151392B77424600F172CE /* Products */,
			);
			sourceTree = "<group>";
		};
		9D9151392B77424600F172CE /* Products */ = {
			isa = PBXGroup;
			children = (
				9D9151382B77424600F172CE /* Fitness-App-FrontEnd.app */,
			);
			name = Products;
			sourceTree = "<group>";
		};
		9D91513A2B77424600F172CE /* Fitness-App-FrontEnd */ = {
			isa = PBXGroup;
			children = (
				9DE5FB532B789CB100D7D3F3 /* workout_1.json */,
				9D91513B2B77424600F172CE /* Fitness_AppApp.swift */,
				9D91513D2B77424600F172CE /* Persistence.swift */,
				9D9151422B77424600F172CE /* ContentView.swift */,
				9D9151442B77424700F172CE /* Assets.xcassets */,
				9D9151462B77424700F172CE /* Fitness_App_FrontEnd.entitlements */,
				9D91513F2B77424600F172CE /* Fitness_App_FrontEnd.xcdatamodeld */,
				9D9151472B77424700F172CE /* Preview Content */,
				9DE5FB4B2B784EB900D7D3F3 /* MyWorkoutsView.swift */,
				9DE5FB4D2B78525E00D7D3F3 /* WorkoutSummaryViews.swift */,
				9DE5FB4F2B7885AC00D7D3F3 /* DataTypes.swift */,
				9DE5FB512B789A9300D7D3F3 /* ReadJSON.swift */,
			);
			path = "Fitness-App-FrontEnd";
			sourceTree = "<group>";
		};
		9D9151472B77424700F172CE /* Preview Content */ = {
			isa = PBXGroup;
			children = (
				9D9151482B77424700F172CE /* Preview Assets.xcassets */,
			);
			path = "Preview Content";
			sourceTree = "<group>";
		};
/* End PBXGroup section */

/* Begin PBXNativeTarget section */
		9D9151372B77424600F172CE /* Fitness-App-FrontEnd */ = {
			isa = PBXNativeTarget;
			buildConfigurationList = 9D91514C2B77424700F172CE /* Build configuration list for PBXNativeTarget "Fitness-App-FrontEnd" */;
			buildPhases = (
				9D9151342B77424600F172CE /* Sources */,
				9D9151352B77424600F172CE /* Frameworks */,
				9D9151362B77424600F172CE /* Resources */,
			);
			buildRules = (
			);
			dependencies = (
			);
			name = "Fitness-App-FrontEnd";
			productName = "Fitness-App";
			productReference = 9D9151382B77424600F172CE /* Fitness-App-FrontEnd.app */;
			productType = "com.apple.product-type.application";
		};
/* End PBXNativeTarget section */

/* Begin PBXProject section */
		9D9151302B77424600F172CE /* Project object */ = {
			isa = PBXProject;
			attributes = {
				BuildIndependentTargetsInParallel = 1;
				LastSwiftUpdateCheck = 1510;
				LastUpgradeCheck = 1510;
				TargetAttributes = {
					9D9151372B77424600F172CE = {
						CreatedOnToolsVersion = 15.1;
					};
				};
			};
			buildConfigurationList = 9D9151332B77424600F172CE /* Build configuration list for PBXProject "Fitness-App-FrontEnd" */;
			compatibilityVersion = "Xcode 14.0";
			developmentRegion = en;
			hasScannedForEncodings = 0;
			knownRegions = (
				en,
				Base,
			);
			mainGroup = 9D91512F2B77424600F172CE;
			productRefGroup = 9D9151392B77424600F172CE /* Products */;
			projectDirPath = "";
			projectRoot = "";
			targets = (
				9D9151372B77424600F172CE /* Fitness-App-FrontEnd */,
			);
		};
/* End PBXProject section */

/* Begin PBXResourcesBuildPhase section */
		9D9151362B77424600F172CE /* Resources */ = {
			isa = PBXResourcesBuildPhase;
			buildActionMask = 2147483647;
			files = (
				9D9151492B77424700F172CE /* Preview Assets.xcassets in Resources */,
				9D9151452B77424700F172CE /* Assets.xcassets in Resources */,
				9DE5FB542B789CB100D7D3F3 /* workout_1.json in Resources */,
			);
			runOnlyForDeploymentPostprocessing = 0;
		};
/* End PBXResourcesBuildPhase section */

/* Begin PBXSourcesBuildPhase section */
		9D9151342B77424600F172CE /* Sources */ = {
			isa = PBXSourcesBuildPhase;
			buildActionMask = 2147483647;
			files = (
				9D91513C2B77424600F172CE /* Fitness_AppApp.swift in Sources */,
				9DE5FB4C2B784EB900D7D3F3 /* MyWorkoutsView.swift in Sources */,
				9DE5FB502B7885AC00D7D3F3 /* DataTypes.swift in Sources */,
				9D9151412B77424600F172CE /* Fitness_App_FrontEnd.xcdatamodeld in Sources */,
				9D9151432B77424600F172CE /* ContentView.swift in Sources */,
				9D91513E2B77424600F172CE /* Persistence.swift in Sources */,
				9DE5FB4E2B78525E00D7D3F3 /* WorkoutSummaryViews.swift in Sources */,
				9DE5FB522B789A9300D7D3F3 /* ReadJSON.swift in Sources */,
			);
			runOnlyForDeploymentPostprocessing = 0;
		};
/* End PBXSourcesBuildPhase section */

/* Begin XCBuildConfiguration section */
		9D91514A2B77424700F172CE /* Debug */ = {
			isa = XCBuildConfiguration;
			buildSettings = {
				ALWAYS_SEARCH_USER_PATHS = NO;
				ASSETCATALOG_COMPILER_GENERATE_SWIFT_ASSET_SYMBOL_EXTENSIONS = YES;
				CLANG_ANALYZER_NONNULL = YES;
				CLANG_ANALYZER_NUMBER_OBJECT_CONVERSION = YES_AGGRESSIVE;
				CLANG_CXX_LANGUAGE_STANDARD = "gnu++20";
				CLANG_ENABLE_MODULES = YES;
				CLANG_ENABLE_OBJC_ARC = YES;
				CLANG_ENABLE_OBJC_WEAK = YES;
				CLANG_WARN_BLOCK_CAPTURE_AUTORELEASING = YES;
				CLANG_WARN_BOOL_CONVERSION = YES;
				CLANG_WARN_COMMA = YES;
				CLANG_WARN_CONSTANT_CONVERSION = YES;
				CLANG_WARN_DEPRECATED_OBJC_IMPLEMENTATIONS = YES;
				CLANG_WARN_DIRECT_OBJC_ISA_USAGE = YES_ERROR;
				CLANG_WARN_DOCUMENTATION_COMMENTS = YES;
				CLANG_WARN_EMPTY_BODY = YES;
				CLANG_WARN_ENUM_CONVERSION = YES;
				CLANG_WARN_INFINITE_RECURSION = YES;
				CLANG_WARN_INT_CONVERSION = YES;
				CLANG_WARN_NON_LITERAL_NULL_CONVERSION = YES;
				CLANG_WARN_OBJC_IMPLICIT_RETAIN_SELF = YES;
				CLANG_WARN_OBJC_LITERAL_CONVERSION = YES;
				CLANG_WARN_OBJC_ROOT_CLASS = YES_ERROR;
				CLANG_WARN_QUOTED_INCLUDE_IN_FRAMEWORK_HEADER = YES;
				CLANG_WARN_RANGE_LOOP_ANALYSIS = YES;
				CLANG_WARN_STRICT_PROTOTYPES = YES;
				CLANG_WARN_SUSPICIOUS_MOVE = YES;
				CLANG_WARN_UNGUARDED_AVAILABILITY = YES_AGGRESSIVE;
				CLANG_WARN_UNREACHABLE_CODE = YES;
				CLANG_WARN__DUPLICATE_METHOD_MATCH = YES;
				COPY_PHASE_STRIP = NO;
				DEBUG_INFORMATION_FORMAT = dwarf;
				ENABLE_STRICT_OBJC_MSGSEND = YES;
				ENABLE_TESTABILITY = YES;
				ENABLE_USER_SCRIPT_SANDBOXING = YES;
				GCC_C_LANGUAGE_STANDARD = gnu17;
				GCC_DYNAMIC_NO_PIC = NO;
				GCC_NO_COMMON_BLOCKS = YES;
				GCC_OPTIMIZATION_LEVEL = 0;
				GCC_PREPROCESSOR_DEFINITIONS = (
					"DEBUG=1",
					"$(inherited)",
				);
				GCC_WARN_64_TO_32_BIT_CONVERSION = YES;
				GCC_WARN_ABOUT_RETURN_TYPE = YES_ERROR;
				GCC_WARN_UNDECLARED_SELECTOR = YES;
				GCC_WARN_UNINITIALIZED_AUTOS = YES_AGGRESSIVE;
				GCC_WARN_UNUSED_FUNCTION = YES;
				GCC_WARN_UNUSED_VARIABLE = YES;
				LOCALIZATION_PREFERS_STRING_CATALOGS = YES;
				MTL_ENABLE_DEBUG_INFO = INCLUDE_SOURCE;
				MTL_FAST_MATH = YES;
				ONLY_ACTIVE_ARCH = YES;
				SWIFT_ACTIVE_COMPILATION_CONDITIONS = "DEBUG $(inherited)";
				SWIFT_OPTIMIZATION_LEVEL = "-Onone";
			};
			name = Debug;
		};
		9D91514B2B77424700F172CE /* Release */ = {
			isa = XCBuildConfiguration;
			buildSettings = {
				ALWAYS_SEARCH_USER_PATHS = NO;
				ASSETCATALOG_COMPILER_GENERATE_SWIFT_ASSET_SYMBOL_EXTENSIONS = YES;
				CLANG_ANALYZER_NONNULL = YES;
				CLANG_ANALYZER_NUMBER_OBJECT_CONVERSION = YES_AGGRESSIVE;
				CLANG_CXX_LANGUAGE_STANDARD = "gnu++20";
				CLANG_ENABLE_MODULES = YES;
				CLANG_ENABLE_OBJC_ARC = YES;
				CLANG_ENABLE_OBJC_WEAK = YES;
				CLANG_WARN_BLOCK_CAPTURE_AUTORELEASING = YES;
				CLANG_WARN_BOOL_CONVERSION = YES;
				CLANG_WARN_COMMA = YES;
				CLANG_WARN_CONSTANT_CONVERSION = YES;
				CLANG_WARN_DEPRECATED_OBJC_IMPLEMENTATIONS = YES;
				CLANG_WARN_DIRECT_OBJC_ISA_USAGE = YES_ERROR;
				CLANG_WARN_DOCUMENTATION_COMMENTS = YES;
				CLANG_WARN_EMPTY_BODY = YES;
				CLANG_WARN_ENUM_CONVERSION = YES;
				CLANG_WARN_INFINITE_RECURSION = YES;
				CLANG_WARN_INT_CONVERSION = YES;
				CLANG_WARN_NON_LITERAL_NULL_CONVERSION = YES;
				CLANG_WARN_OBJC_IMPLICIT_RETAIN_SELF = YES;
				CLANG_WARN_OBJC_LITERAL_CONVERSION = YES;
				CLANG_WARN_OBJC_ROOT_CLASS = YES_ERROR;
				CLANG_WARN_QUOTED_INCLUDE_IN_FRAMEWORK_HEADER = YES;
				CLANG_WARN_RANGE_LOOP_ANALYSIS = YES;
				CLANG_WARN_STRICT_PROTOTYPES = YES;
				CLANG_WARN_SUSPICIOUS_MOVE = YES;
				CLANG_WARN_UNGUARDED_AVAILABILITY = YES_AGGRESSIVE;
				CLANG_WARN_UNREACHABLE_CODE = YES;
				CLANG_WARN__DUPLICATE_METHOD_MATCH = YES;
				COPY_PHASE_STRIP = NO;
				DEBUG_INFORMATION_FORMAT = "dwarf-with-dsym";
				ENABLE_NS_ASSERTIONS = NO;
				ENABLE_STRICT_OBJC_MSGSEND = YES;
				ENABLE_USER_SCRIPT_SANDBOXING = YES;
				GCC_C_LANGUAGE_STANDARD = gnu17;
				GCC_NO_COMMON_BLOCKS = YES;
				GCC_WARN_64_TO_32_BIT_CONVERSION = YES;
				GCC_WARN_ABOUT_RETURN_TYPE = YES_ERROR;
				GCC_WARN_UNDECLARED_SELECTOR = YES;
				GCC_WARN_UNINITIALIZED_AUTOS = YES_AGGRESSIVE;
				GCC_WARN_UNUSED_FUNCTION = YES;
				GCC_WARN_UNUSED_VARIABLE = YES;
				LOCALIZATION_PREFERS_STRING_CATALOGS = YES;
				MTL_ENABLE_DEBUG_INFO = NO;
				MTL_FAST_MATH = YES;
				SWIFT_COMPILATION_MODE = wholemodule;
			};
			name = Release;
		};
		9D91514D2B77424700F172CE /* Debug */ = {
			isa = XCBuildConfiguration;
			buildSettings = {
				ASSETCATALOG_COMPILER_APPICON_NAME = AppIcon;
				ASSETCATALOG_COMPILER_GLOBAL_ACCENT_COLOR_NAME = AccentColor;
				CODE_SIGN_ENTITLEMENTS = "Fitness-App-FrontEnd/Fitness_App_FrontEnd.entitlements";
				CODE_SIGN_STYLE = Automatic;
				CURRENT_PROJECT_VERSION = 1;
				DEVELOPMENT_ASSET_PATHS = "\"Fitness-App-FrontEnd/Preview Content\"";
				ENABLE_PREVIEWS = YES;
				GENERATE_INFOPLIST_FILE = YES;
				"INFOPLIST_KEY_UIApplicationSceneManifest_Generation[sdk=iphoneos*]" = YES;
				"INFOPLIST_KEY_UIApplicationSceneManifest_Generation[sdk=iphonesimulator*]" = YES;
				"INFOPLIST_KEY_UIApplicationSupportsIndirectInputEvents[sdk=iphoneos*]" = YES;
				"INFOPLIST_KEY_UIApplicationSupportsIndirectInputEvents[sdk=iphonesimulator*]" = YES;
				"INFOPLIST_KEY_UILaunchScreen_Generation[sdk=iphoneos*]" = YES;
				"INFOPLIST_KEY_UILaunchScreen_Generation[sdk=iphonesimulator*]" = YES;
				"INFOPLIST_KEY_UIStatusBarStyle[sdk=iphoneos*]" = UIStatusBarStyleDefault;
				"INFOPLIST_KEY_UIStatusBarStyle[sdk=iphonesimulator*]" = UIStatusBarStyleDefault;
				INFOPLIST_KEY_UISupportedInterfaceOrientations_iPad = "UIInterfaceOrientationPortrait UIInterfaceOrientationPortraitUpsideDown UIInterfaceOrientationLandscapeLeft UIInterfaceOrientationLandscapeRight";
				INFOPLIST_KEY_UISupportedInterfaceOrientations_iPhone = "UIInterfaceOrientationPortrait UIInterfaceOrientationLandscapeLeft UIInterfaceOrientationLandscapeRight";
				IPHONEOS_DEPLOYMENT_TARGET = 17.2;
				LD_RUNPATH_SEARCH_PATHS = "@executable_path/Frameworks";
				"LD_RUNPATH_SEARCH_PATHS[sdk=macosx*]" = "@executable_path/../Frameworks";
				MACOSX_DEPLOYMENT_TARGET = 14.0;
				MARKETING_VERSION = 1.0;
				PRODUCT_BUNDLE_IDENTIFIER = "Andrew-Tischhauser.Fitness-App";
				PRODUCT_NAME = "$(TARGET_NAME)";
				SDKROOT = auto;
				SUPPORTED_PLATFORMS = "iphoneos iphonesimulator macosx";
				SWIFT_EMIT_LOC_STRINGS = YES;
				SWIFT_VERSION = 5.0;
				TARGETED_DEVICE_FAMILY = "1,2";
			};
			name = Debug;
		};
		9D91514E2B77424700F172CE /* Release */ = {
			isa = XCBuildConfiguration;
			buildSettings = {
				ASSETCATALOG_COMPILER_APPICON_NAME = AppIcon;
				ASSETCATALOG_COMPILER_GLOBAL_ACCENT_COLOR_NAME = AccentColor;
				CODE_SIGN_ENTITLEMENTS = "Fitness-App-FrontEnd/Fitness_App_FrontEnd.entitlements";
				CODE_SIGN_STYLE = Automatic;
				CURRENT_PROJECT_VERSION = 1;
				DEVELOPMENT_ASSET_PATHS = "\"Fitness-App-FrontEnd/Preview Content\"";
				ENABLE_PREVIEWS = YES;
				GENERATE_INFOPLIST_FILE = YES;
				"INFOPLIST_KEY_UIApplicationSceneManifest_Generation[sdk=iphoneos*]" = YES;
				"INFOPLIST_KEY_UIApplicationSceneManifest_Generation[sdk=iphonesimulator*]" = YES;
				"INFOPLIST_KEY_UIApplicationSupportsIndirectInputEvents[sdk=iphoneos*]" = YES;
				"INFOPLIST_KEY_UIApplicationSupportsIndirectInputEvents[sdk=iphonesimulator*]" = YES;
				"INFOPLIST_KEY_UILaunchScreen_Generation[sdk=iphoneos*]" = YES;
				"INFOPLIST_KEY_UILaunchScreen_Generation[sdk=iphonesimulator*]" = YES;
				"INFOPLIST_KEY_UIStatusBarStyle[sdk=iphoneos*]" = UIStatusBarStyleDefault;
				"INFOPLIST_KEY_UIStatusBarStyle[sdk=iphonesimulator*]" = UIStatusBarStyleDefault;
				INFOPLIST_KEY_UISupportedInterfaceOrientations_iPad = "UIInterfaceOrientationPortrait UIInterfaceOrientationPortraitUpsideDown UIInterfaceOrientationLandscapeLeft UIInterfaceOrientationLandscapeRight";
				INFOPLIST_KEY_UISupportedInterfaceOrientations_iPhone = "UIInterfaceOrientationPortrait UIInterfaceOrientationLandscapeLeft UIInterfaceOrientationLandscapeRight";
				IPHONEOS_DEPLOYMENT_TARGET = 17.2;
				LD_RUNPATH_SEARCH_PATHS = "@executable_path/Frameworks";
				"LD_RUNPATH_SEARCH_PATHS[sdk=macosx*]" = "@executable_path/../Frameworks";
				MACOSX_DEPLOYMENT_TARGET = 14.0;
				MARKETING_VERSION = 1.0;
				PRODUCT_BUNDLE_IDENTIFIER = "Andrew-Tischhauser.Fitness-App";
				PRODUCT_NAME = "$(TARGET_NAME)";
				SDKROOT = auto;
				SUPPORTED_PLATFORMS = "iphoneos iphonesimulator macosx";
				SWIFT_EMIT_LOC_STRINGS = YES;
				SWIFT_VERSION = 5.0;
				TARGETED_DEVICE_FAMILY = "1,2";
			};
			name = Release;
		};
/* End XCBuildConfiguration section */

/* Begin XCConfigurationList section */
		9D9151332B77424600F172CE /* Build configuration list for PBXProject "Fitness-App-FrontEnd" */ = {
			isa = XCConfigurationList;
			buildConfigurations = (
				9D91514A2B77424700F172CE /* Debug */,
				9D91514B2B77424700F172CE /* Release */,
			);
			defaultConfigurationIsVisible = 0;
			defaultConfigurationName = Release;
		};
		9D91514C2B77424700F172CE /* Build configuration list for PBXNativeTarget "Fitness-App-FrontEnd" */ = {
			isa = XCConfigurationList;
			buildConfigurations = (
				9D91514D2B77424700F172CE /* Debug */,
				9D91514E2B77424700F172CE /* Release */,
			);
			defaultConfigurationIsVisible = 0;
			defaultConfigurationName = Release;
		};
/* End XCConfigurationList section */

/* Begin XCVersionGroup section */
		9D91513F2B77424600F172CE /* Fitness_App_FrontEnd.xcdatamodeld */ = {
			isa = XCVersionGroup;
			children = (
				9D9151402B77424600F172CE /* Fitness_App.xcdatamodel */,
			);
			currentVersion = 9D9151402B77424600F172CE /* Fitness_App.xcdatamodel */;
			path = Fitness_App_FrontEnd.xcdatamodeld;
			sourceTree = "<group>";
			versionGroupType = wrapper.xcdatamodel;
		};
/* End XCVersionGroup section */
	};
	rootObject = 9D9151302B77424600F172CE /* Project object */;
}
